
Microsoft Visual Studio Solution File, Format Version 12.00
# Visual Studio 2012
Project("{FAE04EC0-301F-11D3-BF4B-00C04F79EFBC}") = "ImagePlayground", "ImagePlayground\ImagePlayground.csproj", "{8517D41F-792D-47CA-AA6A-92644DE75A6A}"
EndProject
Project("{FAE04EC0-301F-11D3-BF4B-00C04F79EFBC}") = "ImagePlayground.UITests", "ImagePlayground.UITests\ImagePlayground.UITests.csproj", "{41FF980C-8774-412B-9181-FE7515A52B64}"
EndProject
Global
	GlobalSection(SolutionConfigurationPlatforms) = preSolution
		Debug|Any CPU = Debug|Any CPU
		Release|Any CPU = Release|Any CPU
	EndGlobalSection
	GlobalSection(ProjectConfigurationPlatforms) = postSolution
		{41FF980C-8774-412B-9181-FE7515A52B64}.Debug|Any CPU.ActiveCfg = Debug|Any CPU
		{41FF980C-8774-412B-9181-FE7515A52B64}.Debug|Any CPU.Build.0 = Debug|Any CPU
		{41FF980C-8774-412B-9181-FE7515A52B64}.Release|Any CPU.ActiveCfg = Release|Any CPU
		{41FF980C-8774-412B-9181-FE7515A52B64}.Release|Any CPU.Build.0 = Release|Any CPU
		{8517D41F-792D-47CA-AA6A-92644DE75A6A}.Debug|Any CPU.ActiveCfg = Debug|Any CPU
		{8517D41F-792D-47CA-AA6A-92644DE75A6A}.Debug|Any CPU.Build.0 = Debug|Any CPU
		{8517D41F-792D-47CA-AA6A-92644DE75A6A}.Release|Any CPU.ActiveCfg = Release|Any CPU
		{8517D41F-792D-47CA-AA6A-92644DE75A6A}.Release|Any CPU.Build.0 = Release|Any CPU
	EndGlobalSection
EndGlobal
